// !$*UTF8*$!
{
	archiveVersion = 1;
	classes = {
	};
	objectVersion = 50;
	objects = {

/* Begin PBXBuildFile section */
		4C702EB922E696F200DA5C89 /* WebKit.framework in Frameworks */ = {isa = PBXBuildFile; fileRef = 4C702EB822E696F200DA5C89 /* WebKit.framework */; };
		4CD48E1022E6936B00AA52EE /* AppDelegate.swift in Sources */ = {isa = PBXBuildFile; fileRef = 4CD48E0F22E6936B00AA52EE /* AppDelegate.swift */; };
		4CD48E1222E6936B00AA52EE /* SceneDelegate.swift in Sources */ = {isa = PBXBuildFile; fileRef = 4CD48E1122E6936B00AA52EE /* SceneDelegate.swift */; };
		4CD48E1422E6936B00AA52EE /* ViewController.swift in Sources */ = {isa = PBXBuildFile; fileRef = 4CD48E1322E6936B00AA52EE /* ViewController.swift */; };
		4CD48E1722E6936B00AA52EE /* Main.storyboard in Resources */ = {isa = PBXBuildFile; fileRef = 4CD48E1522E6936B00AA52EE /* Main.storyboard */; };
		4CD48E1922E6936C00AA52EE /* Assets.xcassets in Resources */ = {isa = PBXBuildFile; fileRef = 4CD48E1822E6936C00AA52EE /* Assets.xcassets */; };
		4CD48E1C22E6936C00AA52EE /* LaunchScreen.storyboard in Resources */ = {isa = PBXBuildFile; fileRef = 4CD48E1A22E6936C00AA52EE /* LaunchScreen.storyboard */; };
		4CD48E2422E6938F00AA52EE /* InformationViewController.swift in Sources */ = {isa = PBXBuildFile; fileRef = 4CD48E2322E6938F00AA52EE /* InformationViewController.swift */; };
/* End PBXBuildFile section */

/* Begin PBXFileReference section */
		4C702EB822E696F200DA5C89 /* WebKit.framework */ = {isa = PBXFileReference; lastKnownFileType = wrapper.framework; name = WebKit.framework; path = System/Library/Frameworks/WebKit.framework; sourceTree = SDKROOT; };
		4C702EBA22E6972C00DA5C89 /* WebkitView.entitlements */ = {isa = PBXFileReference; lastKnownFileType = text.plist.entitlements; path = WebkitView.entitlements; sourceTree = "<group>"; };
		4CD48E0C22E6936B00AA52EE /* WebkitView.app */ = {isa = PBXFileReference; explicitFileType = wrapper.application; includeInIndex = 0; path = WebkitView.app; sourceTree = BUILT_PRODUCTS_DIR; };
		4CD48E0F22E6936B00AA52EE /* AppDelegate.swift */ = {isa = PBXFileReference; lastKnownFileType = sourcecode.swift; path = AppDelegate.swift; sourceTree = "<group>"; };
		4CD48E1122E6936B00AA52EE /* SceneDelegate.swift */ = {isa = PBXFileReference; lastKnownFileType = sourcecode.swift; path = SceneDelegate.swift; sourceTree = "<group>"; };
		4CD48E1322E6936B00AA52EE /* ViewController.swift */ = {isa = PBXFileReference; lastKnownFileType = sourcecode.swift; path = ViewController.swift; sourceTree = "<group>"; };
		4CD48E1622E6936B00AA52EE /* Base */ = {isa = PBXFileReference; lastKnownFileType = file.storyboard; name = Base; path = Base.lproj/Main.storyboard; sourceTree = "<group>"; };
		4CD48E1822E6936C00AA52EE /* Assets.xcassets */ = {isa = PBXFileReference; lastKnownFileType = folder.assetcatalog; path = Assets.xcassets; sourceTree = "<group>"; };
		4CD48E1B22E6936C00AA52EE /* Base */ = {isa = PBXFileReference; lastKnownFileType = file.storyboard; name = Base; path = Base.lproj/LaunchScreen.storyboard; sourceTree = "<group>"; };
		4CD48E1D22E6936C00AA52EE /* Info.plist */ = {isa = PBXFileReference; lastKnownFileType = text.plist.xml; path = Info.plist; sourceTree = "<group>"; };
		4CD48E2322E6938F00AA52EE /* InformationViewController.swift */ = {isa = PBXFileReference; lastKnownFileType = sourcecode.swift; path = InformationViewController.swift; sourceTree = "<group>"; };
/* End PBXFileReference section */

/* Begin PBXFrameworksBuildPhase section */
		4CD48E0922E6936B00AA52EE /* Frameworks */ = {
			isa = PBXFrameworksBuildPhase;
			buildActionMask = 2147483647;
			files = (
				4C702EB922E696F200DA5C89 /* WebKit.framework in Frameworks */,
			);
			runOnlyForDeploymentPostprocessing = 0;
		};
/* End PBXFrameworksBuildPhase section */

/* Begin PBXGroup section */
		4C702EB722E696F200DA5C89 /* Frameworks */ = {
			isa = PBXGroup;
			children = (
				4C702EB822E696F200DA5C89 /* WebKit.framework */,
			);
			name = Frameworks;
			sourceTree = "<group>";
		};
		4CD48E0322E6936B00AA52EE = {
			isa = PBXGroup;
			children = (
				4CD48E0E22E6936B00AA52EE /* WebkitView */,
				4CD48E0D22E6936B00AA52EE /* Products */,
				4C702EB722E696F200DA5C89 /* Frameworks */,
			);
			sourceTree = "<group>";
		};
		4CD48E0D22E6936B00AA52EE /* Products */ = {
			isa = PBXGroup;
			children = (
				4CD48E0C22E6936B00AA52EE /* WebkitView.app */,
			);
			name = Products;
			sourceTree = "<group>";
		};
		4CD48E0E22E6936B00AA52EE /* WebkitView */ = {
			isa = PBXGroup;
			children = (
				4C702EBA22E6972C00DA5C89 /* WebkitView.entitlements */,
				4CD48E2322E6938F00AA52EE /* InformationViewController.swift */,
				4CD48E0F22E6936B00AA52EE /* AppDelegate.swift */,
				4CD48E1122E6936B00AA52EE /* SceneDelegate.swift */,
				4CD48E1322E6936B00AA52EE /* ViewController.swift */,
				4CD48E1522E6936B00AA52EE /* Main.storyboard */,
				4CD48E1822E6936C00AA52EE /* Assets.xcassets */,
				4CD48E1A22E6936C00AA52EE /* LaunchScreen.storyboard */,
				4CD48E1D22E6936C00AA52EE /* Info.plist */,
			);
			path = WebkitView;
			sourceTree = "<group>";
		};
/* End PBXGroup section */

/* Begin PBXNativeTarget section */
		4CD48E0B22E6936B00AA52EE /* WebkitView */ = {
			isa = PBXNativeTarget;
			buildConfigurationList = 4CD48E2022E6936C00AA52EE /* Build configuration list for PBXNativeTarget "WebkitView" */;
			buildPhases = (
				4CD48E0822E6936B00AA52EE /* Sources */,
				4CD48E0922E6936B00AA52EE /* Frameworks */,
				4CD48E0A22E6936B00AA52EE /* Resources */,
			);
			buildRules = (
			);
			dependencies = (
			);
			name = WebkitView;
			productName = WebkitView;
			productReference = 4CD48E0C22E6936B00AA52EE /* WebkitView.app */;
			productType = "com.apple.product-type.application";
		};
/* End PBXNativeTarget section */

/* Begin PBXProject section */
		4CD48E0422E6936B00AA52EE /* Project object */ = {
			isa = PBXProject;
			attributes = {
				LastSwiftUpdateCheck = 1100;
				LastUpgradeCheck = 1100;
				ORGANIZATIONNAME = "Barry P. Medoff";
				TargetAttributes = {
					4CD48E0B22E6936B00AA52EE = {
						CreatedOnToolsVersion = 11.0;
					};
				};
			};
			buildConfigurationList = 4CD48E0722E6936B00AA52EE /* Build configuration list for PBXProject "WebkitView" */;
			compatibilityVersion = "Xcode 9.3";
			developmentRegion = en;
			hasScannedForEncodings = 0;
			knownRegions = (
				en,
				Base,
			);
			mainGroup = 4CD48E0322E6936B00AA52EE;
			productRefGroup = 4CD48E0D22E6936B00AA52EE /* Products */;
			projectDirPath = "";
			projectRoot = "";
			targets = (
				4CD48E0B22E6936B00AA52EE /* WebkitView */,
			);
		};
/* End PBXProject section */

/* Begin PBXResourcesBuildPhase section */
		4CD48E0A22E6936B00AA52EE /* Resources */ = {
			isa = PBXResourcesBuildPhase;
			buildActionMask = 2147483647;
			files = (
				4CD48E1C22E6936C00AA52EE /* LaunchScreen.storyboard in Resources */,
				4CD48E1922E6936C00AA52EE /* Assets.xcassets in Resources */,
				4CD48E1722E6936B00AA52EE /* Main.storyboard in Resources */,
			);
			runOnlyForDeploymentPostprocessing = 0;
		};
/* End PBXResourcesBuildPhase section */

/* Begin PBXSourcesBuildPhase section */
		4CD48E0822E6936B00AA52EE /* Sources */ = {
			isa = PBXSourcesBuildPhase;
			buildActionMask = 2147483647;
			files = (
				4CD48E1422E6936B00AA52EE /* ViewController.swift in Sources */,
				4CD48E1022E6936B00AA52EE /* AppDelegate.swift in Sources */,
				4CD48E1222E6936B00AA52EE /* SceneDelegate.swift in Sources */,
				4CD48E2422E6938F00AA52EE /* InformationViewController.swift in Sources */,
			);
			runOnlyForDeploymentPostprocessing = 0;
		};
/* End PBXSourcesBuildPhase section */

/* Begin PBXVariantGroup section */
		4CD48E1522E6936B00AA52EE /* Main.storyboard */ = {
			isa = PBXVariantGroup;
			children = (
				4CD48E1622E6936B00AA52EE /* Base */,
			);
			name = Main.storyboard;
			sourceTree = "<group>";
		};
		4CD48E1A22E6936C00AA52EE /* LaunchScreen.storyboard */ = {
			isa = PBXVariantGroup;
			children = (
				4CD48E1B22E6936C00AA52EE /* Base */,
			);
			name = LaunchScreen.storyboard;
			sourceTree = "<group>";
		};
/* End PBXVariantGroup section */

/* Begin XCBuildConfiguration section */
		4CD48E1E22E6936C00AA52EE /* Debug */ = {
			isa = XCBuildConfiguration;
			buildSettings = {
				ALWAYS_SEARCH_USER_PATHS = NO;
				CLANG_ANALYZER_NONNULL = YES;
				CLANG_ANALYZER_NUMBER_OBJECT_CONVERSION = YES_AGGRESSIVE;
				CLANG_CXX_LANGUAGE_STANDARD = "gnu++14";
				CLANG_CXX_LIBRARY = "libc++";
				CLANG_ENABLE_MODULES = YES;
				CLANG_ENABLE_OBJC_ARC = YES;
				CLANG_ENABLE_OBJC_WEAK = YES;
				CLANG_WARN_BLOCK_CAPTURE_AUTORELEASING = YES;
				CLANG_WARN_BOOL_CONVERSION = YES;
				CLANG_WARN_COMMA = YES;
				CLANG_WARN_CONSTANT_CONVERSION = YES;
				CLANG_WARN_DEPRECATED_OBJC_IMPLEMENTATIONS = YES;
				CLANG_WARN_DIRECT_OBJC_ISA_USAGE = YES_ERROR;
				CLANG_WARN_DOCUMENTATION_COMMENTS = YES;
				CLANG_WARN_EMPTY_BODY = YES;
				CLANG_WARN_ENUM_CONVERSION = YES;
				CLANG_WARN_INFINITE_RECURSION = YES;
				CLANG_WARN_INT_CONVERSION = YES;
				CLANG_WARN_NON_LITERAL_NULL_CONVERSION = YES;
				CLANG_WARN_OBJC_IMPLICIT_RETAIN_SELF = YES;
				CLANG_WARN_OBJC_LITERAL_CONVERSION = YES;
				CLANG_WARN_OBJC_ROOT_CLASS = YES_ERROR;
				CLANG_WARN_RANGE_LOOP_ANALYSIS = YES;
				CLANG_WARN_STRICT_PROTOTYPES = YES;
				CLANG_WARN_SUSPICIOUS_MOVE = YES;
				CLANG_WARN_UNGUARDED_AVAILABILITY = YES_AGGRESSIVE;
				CLANG_WARN_UNREACHABLE_CODE = YES;
				CLANG_WARN__DUPLICATE_METHOD_MATCH = YES;
				COPY_PHASE_STRIP = NO;
				DEBUG_INFORMATION_FORMAT = dwarf;
				ENABLE_STRICT_OBJC_MSGSEND = YES;
				ENABLE_TESTABILITY = YES;
				GCC_C_LANGUAGE_STANDARD = gnu11;
				GCC_DYNAMIC_NO_PIC = NO;
				GCC_NO_COMMON_BLOCKS = YES;
				GCC_OPTIMIZATION_LEVEL = 0;
				GCC_PREPROCESSOR_DEFINITIONS = (
					"DEBUG=1",
					"$(inherited)",
				);
				GCC_WARN_64_TO_32_BIT_CONVERSION = YES;
				GCC_WARN_ABOUT_RETURN_TYPE = YES_ERROR;
				GCC_WARN_UNDECLARED_SELECTOR = YES;
				GCC_WARN_UNINITIALIZED_AUTOS = YES_AGGRESSIVE;
				GCC_WARN_UNUSED_FUNCTION = YES;
				GCC_WARN_UNUSED_VARIABLE = YES;
				IPHONEOS_DEPLOYMENT_TARGET = 13.0;
				MTL_ENABLE_DEBUG_INFO = INCLUDE_SOURCE;
				MTL_FAST_MATH = YES;
				ONLY_ACTIVE_ARCH = YES;
				SDKROOT = iphoneos;
				SWIFT_ACTIVE_COMPILATION_CONDITIONS = DEBUG;
				SWIFT_OPTIMIZATION_LEVEL = "-Onone";
			};
			name = Debug;
		};
		4CD48E1F22E6936C00AA52EE /* Release */ = {
			isa = XCBuildConfiguration;
			buildSettings = {
				ALWAYS_SEARCH_USER_PATHS = NO;
				CLANG_ANALYZER_NONNULL = YES;
				CLANG_ANALYZER_NUMBER_OBJECT_CONVERSION = YES_AGGRESSIVE;
				CLANG_CXX_LANGUAGE_STANDARD = "gnu++14";
				CLANG_CXX_LIBRARY = "libc++";
				CLANG_ENABLE_MODULES = YES;
				CLANG_ENABLE_OBJC_ARC = YES;
				CLANG_ENABLE_OBJC_WEAK = YES;
				CLANG_WARN_BLOCK_CAPTURE_AUTORELEASING = YES;
				CLANG_WARN_BOOL_CONVERSION = YES;
				CLANG_WARN_COMMA = YES;
				CLANG_WARN_CONSTANT_CONVERSION = YES;
				CLANG_WARN_DEPRECATED_OBJC_IMPLEMENTATIONS = YES;
				CLANG_WARN_DIRECT_OBJC_ISA_USAGE = YES_ERROR;
				CLANG_WARN_DOCUMENTATION_COMMENTS = YES;
				CLANG_WARN_EMPTY_BODY = YES;
				CLANG_WARN_ENUM_CONVERSION = YES;
				CLANG_WARN_INFINITE_RECURSION = YES;
				CLANG_WARN_INT_CONVERSION = YES;
				CLANG_WARN_NON_LITERAL_NULL_CONVERSION = YES;
				CLANG_WARN_OBJC_IMPLICIT_RETAIN_SELF = YES;
				CLANG_WARN_OBJC_LITERAL_CONVERSION = YES;
				CLANG_WARN_OBJC_ROOT_CLASS = YES_ERROR;
				CLANG_WARN_RANGE_LOOP_ANALYSIS = YES;
				CLANG_WARN_STRICT_PROTOTYPES = YES;
				CLANG_WARN_SUSPICIOUS_MOVE = YES;
				CLANG_WARN_UNGUARDED_AVAILABILITY = YES_AGGRESSIVE;
				CLANG_WARN_UNREACHABLE_CODE = YES;
				CLANG_WARN__DUPLICATE_METHOD_MATCH = YES;
				COPY_PHASE_STRIP = NO;
				DEBUG_INFORMATION_FORMAT = "dwarf-with-dsym";
				ENABLE_NS_ASSERTIONS = NO;
				ENABLE_STRICT_OBJC_MSGSEND = YES;
				GCC_C_LANGUAGE_STANDARD = gnu11;
				GCC_NO_COMMON_BLOCKS = YES;
				GCC_WARN_64_TO_32_BIT_CONVERSION = YES;
				GCC_WARN_ABOUT_RETURN_TYPE = YES_ERROR;
				GCC_WARN_UNDECLARED_SELECTOR = YES;
				GCC_WARN_UNINITIALIZED_AUTOS = YES_AGGRESSIVE;
				GCC_WARN_UNUSED_FUNCTION = YES;
				GCC_WARN_UNUSED_VARIABLE = YES;
				IPHONEOS_DEPLOYMENT_TARGET = 13.0;
				MTL_ENABLE_DEBUG_INFO = NO;
				MTL_FAST_MATH = YES;
				SDKROOT = iphoneos;
				SWIFT_COMPILATION_MODE = wholemodule;
				SWIFT_OPTIMIZATION_LEVEL = "-O";
				VALIDATE_PRODUCT = YES;
			};
			name = Release;
		};
		4CD48E2122E6936C00AA52EE /* Debug */ = {
			isa = XCBuildConfiguration;
			buildSettings = {
				ASSETCATALOG_COMPILER_APPICON_NAME = AppIcon;
				CODE_SIGN_ENTITLEMENTS = WebkitView/WebkitView.entitlements;
				CODE_SIGN_STYLE = Automatic;
				DERIVE_MACCATALYST_PRODUCT_BUNDLE_IDENTIFIER = YES;
				DEVELOPMENT_TEAM = 6V82P5ET42;
				INFOPLIST_FILE = WebkitView/Info.plist;
				LD_RUNPATH_SEARCH_PATHS = (
					"$(inherited)",
					"@executable_path/Frameworks",
				);
				PRODUCT_BUNDLE_IDENTIFIER = com.TransitionnTechnologyVentures.WebkitView;
				PRODUCT_NAME = "$(TARGET_NAME)";
				SUPPORTS_MACCATALYST = YES;
				SWIFT_VERSION = 5.0;
				TARGETED_DEVICE_FAMILY = "1,2";
			};
			name = Debug;
		};
		4CD48E2222E6936C00AA52EE /* Release */ = {
			isa = XCBuildConfiguration;
			buildSettings = {
				ASSETCATALOG_COMPILER_APPICON_NAME = AppIcon;
				CODE_SIGN_ENTITLEMENTS = WebkitView/WebkitView.entitlements;
				CODE_SIGN_STYLE = Automatic;
				DERIVE_MACCATALYST_PRODUCT_BUNDLE_IDENTIFIER = YES;
				DEVELOPMENT_TEAM = 6V82P5ET42;
				INFOPLIST_FILE = WebkitView/Info.plist;
				LD_RUNPATH_SEARCH_PATHS = (
					"$(inherited)",
					"@executable_path/Frameworks",
				);
				PRODUCT_BUNDLE_IDENTIFIER = com.TransitionnTechnologyVentures.WebkitView;
				PRODUCT_NAME = "$(TARGET_NAME)";
				SUPPORTS_MACCATALYST = YES;
				SWIFT_VERSION = 5.0;
				TARGETED_DEVICE_FAMILY = "1,2";
			};
			name = Release;
		};
/* End XCBuildConfiguration section */

/* Begin XCConfigurationList section */
		4CD48E0722E6936B00AA52EE /* Build configuration list for PBXProject "WebkitView" */ = {
			isa = XCConfigurationList;
			buildConfigurations = (
				4CD48E1E22E6936C00AA52EE /* Debug */,
				4CD48E1F22E6936C00AA52EE /* Release */,
			);
			defaultConfigurationIsVisible = 0;
			defaultConfigurationName = Release;
		};
		4CD48E2022E6936C00AA52EE /* Build configuration list for PBXNativeTarget "WebkitView" */ = {
			isa = XCConfigurationList;
			buildConfigurations = (
				4CD48E2122E6936C00AA52EE /* Debug */,
				4CD48E2222E6936C00AA52EE /* Release */,
			);
			defaultConfigurationIsVisible = 0;
			defaultConfigurationName = Release;
		};
/* End XCConfigurationList section */
	};
	rootObject = 4CD48E0422E6936B00AA52EE /* Project object */;
}
